
Microsoft Visual Studio Solution File, Format Version 12.00
# Visual Studio Version 17
VisualStudioVersion = 17.2.32602.215
MinimumVisualStudioVersion = 10.0.40219.1
Project("{FAE04EC0-301F-11D3-BF4B-00C04F79EFBC}") = "CQRSDemo", "CQRSDemo\CQRSDemo.csproj", "{AF24D39E-C282-45D8-B5D9-29756976BAA7}"
EndProject
Global
	GlobalSection(SolutionConfigurationPlatforms) = preSolution
		Debug|Any CPU = Debug|Any CPU
		Release|Any CPU = Release|Any CPU
	EndGlobalSection
	GlobalSection(ProjectConfigurationPlatforms) = postSolution
		{AF24D39E-C282-45D8-B5D9-29756976BAA7}.Debug|Any CPU.ActiveCfg = Debug|Any CPU
		{AF24D39E-C282-45D8-B5D9-29756976BAA7}.Debug|Any CPU.Build.0 = Debug|Any CPU
		{AF24D39E-C282-45D8-B5D9-29756976BAA7}.Release|Any CPU.ActiveCfg = Release|Any CPU
		{AF24D39E-C282-45D8-B5D9-29756976BAA7}.Release|Any CPU.Build.0 = Release|Any CPU
	EndGlobalSection
	GlobalSection(SolutionProperties) = preSolution
		HideSolutionNode = FALSE
	EndGlobalSection
	GlobalSection(ExtensibilityGlobals) = postSolution
		SolutionGuid = {5CD21F9D-5180-4C26-A89D-1296128DA46A}
	EndGlobalSection
EndGlobal
